
Microsoft Visual Studio Solution File, Format Version 12.00
# Visual Studio Version 16
VisualStudioVersion = 16.0.30104.148
MinimumVisualStudioVersion = 10.0.40219.1
Project("{FAE04EC0-301F-11D3-BF4B-00C04F79EFBC}") = "DataMan_service", "DataMan_service\DataMan_service.csproj", "{0EA2DA3D-350D-40FD-9094-73F6905B5F1A}"
EndProject
Global
	GlobalSection(SolutionConfigurationPlatforms) = preSolution
		Debug|Any CPU = Debug|Any CPU
		Release|Any CPU = Release|Any CPU
	EndGlobalSection
	GlobalSection(ProjectConfigurationPlatforms) = postSolution
		{0EA2DA3D-350D-40FD-9094-73F6905B5F1A}.Debug|Any CPU.ActiveCfg = Debug|Any CPU
		{0EA2DA3D-350D-40FD-9094-73F6905B5F1A}.Debug|Any CPU.Build.0 = Debug|Any CPU
		{0EA2DA3D-350D-40FD-9094-73F6905B5F1A}.Release|Any CPU.ActiveCfg = Release|Any CPU
		{0EA2DA3D-350D-40FD-9094-73F6905B5F1A}.Release|Any CPU.Build.0 = Release|Any CPU
	EndGlobalSection
	GlobalSection(SolutionProperties) = preSolution
		HideSolutionNode = FALSE
	EndGlobalSection
	GlobalSection(ExtensibilityGlobals) = postSolution
		SolutionGuid = {9C8BE43A-590B-464F-B8D1-4810E12E7A5C}
	EndGlobalSection
EndGlobal
